// !$*UTF8*$!
{
	archiveVersion = 1;
	classes = {
	};
	objectVersion = 50;
	objects = {

/* Begin PBXBuildFile section */
		183F66E720B5A0D800CE5C0F /* ViewController.m in Sources */ = {isa = PBXBuildFile; fileRef = 183F66E520B5A0D800CE5C0F /* ViewController.m */; };
		183F66E820B5A0D800CE5C0F /* ViewController.m in Sources */ = {isa = PBXBuildFile; fileRef = 183F66E520B5A0D800CE5C0F /* ViewController.m */; };
		183F66E920B5A0D800CE5C0F /* ViewController.m in Sources */ = {isa = PBXBuildFile; fileRef = 183F66E520B5A0D800CE5C0F /* ViewController.m */; };
		183F66EA20B5A0D800CE5C0F /* ViewController.xib in Resources */ = {isa = PBXBuildFile; fileRef = 183F66E620B5A0D800CE5C0F /* ViewController.xib */; };
		183F66EB20B5A0D800CE5C0F /* ViewController.xib in Resources */ = {isa = PBXBuildFile; fileRef = 183F66E620B5A0D800CE5C0F /* ViewController.xib */; };
		183F66EC20B5A0D800CE5C0F /* ViewController.xib in Resources */ = {isa = PBXBuildFile; fileRef = 183F66E620B5A0D800CE5C0F /* ViewController.xib */; };
		18413E5020B57F550049E7E9 /* AppDelegate.m in Sources */ = {isa = PBXBuildFile; fileRef = 18413E4F20B57F550049E7E9 /* AppDelegate.m */; };
		18413E5820B57F590049E7E9 /* Assets.xcassets in Resources */ = {isa = PBXBuildFile; fileRef = 18413E5720B57F590049E7E9 /* Assets.xcassets */; };
		18413E5B20B57F590049E7E9 /* LaunchScreen.storyboard in Resources */ = {isa = PBXBuildFile; fileRef = 18413E5920B57F590049E7E9 /* LaunchScreen.storyboard */; };
		18413E5E20B57F590049E7E9 /* main.m in Sources */ = {isa = PBXBuildFile; fileRef = 18413E5D20B57F590049E7E9 /* main.m */; };
		18413E6820B57F5A0049E7E9 /* practiceMethodProperty0528Tests.m in Sources */ = {isa = PBXBuildFile; fileRef = 18413E6720B57F5A0049E7E9 /* practiceMethodProperty0528Tests.m */; };
		18413E7320B57F5A0049E7E9 /* practiceMethodProperty0528UITests.m in Sources */ = {isa = PBXBuildFile; fileRef = 18413E7220B57F5A0049E7E9 /* practiceMethodProperty0528UITests.m */; };
		18D53C5620B8249900A8CCE6 /* image in Resources */ = {isa = PBXBuildFile; fileRef = 18D53C5520B8249900A8CCE6 /* image */; };
		18D53C5720B8249900A8CCE6 /* image in Resources */ = {isa = PBXBuildFile; fileRef = 18D53C5520B8249900A8CCE6 /* image */; };
		18D53C5820B8249900A8CCE6 /* image in Resources */ = {isa = PBXBuildFile; fileRef = 18D53C5520B8249900A8CCE6 /* image */; };
/* End PBXBuildFile section */

/* Begin PBXContainerItemProxy section */
		18413E6420B57F590049E7E9 /* PBXContainerItemProxy */ = {
			isa = PBXContainerItemProxy;
			containerPortal = 18413E4320B57F550049E7E9 /* Project object */;
			proxyType = 1;
			remoteGlobalIDString = 18413E4A20B57F550049E7E9;
			remoteInfo = practiceMethodProperty0528;
		};
		18413E6F20B57F5A0049E7E9 /* PBXContainerItemProxy */ = {
			isa = PBXContainerItemProxy;
			containerPortal = 18413E4320B57F550049E7E9 /* Project object */;
			proxyType = 1;
			remoteGlobalIDString = 18413E4A20B57F550049E7E9;
			remoteInfo = practiceMethodProperty0528;
		};
/* End PBXContainerItemProxy section */

/* Begin PBXFileReference section */
		183F66E420B5A0D800CE5C0F /* ViewController.h */ = {isa = PBXFileReference; lastKnownFileType = sourcecode.c.h; path = ViewController.h; sourceTree = "<group>"; };
		183F66E520B5A0D800CE5C0F /* ViewController.m */ = {isa = PBXFileReference; lastKnownFileType = sourcecode.c.objc; path = ViewController.m; sourceTree = "<group>"; };
		183F66E620B5A0D800CE5C0F /* ViewController.xib */ = {isa = PBXFileReference; lastKnownFileType = file.xib; path = ViewController.xib; sourceTree = "<group>"; };
		18413E4B20B57F550049E7E9 /* practiceMethodClass.app */ = {isa = PBXFileReference; explicitFileType = wrapper.application; includeInIndex = 0; path = practiceMethodClass.app; sourceTree = BUILT_PRODUCTS_DIR; };
		18413E4E20B57F550049E7E9 /* AppDelegate.h */ = {isa = PBXFileReference; lastKnownFileType = sourcecode.c.h; path = AppDelegate.h; sourceTree = "<group>"; };
		18413E4F20B57F550049E7E9 /* AppDelegate.m */ = {isa = PBXFileReference; lastKnownFileType = sourcecode.c.objc; path = AppDelegate.m; sourceTree = "<group>"; };
		18413E5720B57F590049E7E9 /* Assets.xcassets */ = {isa = PBXFileReference; lastKnownFileType = folder.assetcatalog; path = Assets.xcassets; sourceTree = "<group>"; };
		18413E5A20B57F590049E7E9 /* Base */ = {isa = PBXFileReference; lastKnownFileType = file.storyboard; name = Base; path = Base.lproj/LaunchScreen.storyboard; sourceTree = "<group>"; };
		18413E5C20B57F590049E7E9 /* Info.plist */ = {isa = PBXFileReference; lastKnownFileType = text.plist.xml; path = Info.plist; sourceTree = "<group>"; };
		18413E5D20B57F590049E7E9 /* main.m */ = {isa = PBXFileReference; lastKnownFileType = sourcecode.c.objc; path = main.m; sourceTree = "<group>"; };
		18413E6320B57F590049E7E9 /* practiceMethodClassTests.xctest */ = {isa = PBXFileReference; explicitFileType = wrapper.cfbundle; includeInIndex = 0; path = practiceMethodClassTests.xctest; sourceTree = BUILT_PRODUCTS_DIR; };
		18413E6720B57F5A0049E7E9 /* practiceMethodProperty0528Tests.m */ = {isa = PBXFileReference; lastKnownFileType = sourcecode.c.objc; path = practiceMethodProperty0528Tests.m; sourceTree = "<group>"; };
		18413E6920B57F5A0049E7E9 /* Info.plist */ = {isa = PBXFileReference; lastKnownFileType = text.plist.xml; path = Info.plist; sourceTree = "<group>"; };
		18413E6E20B57F5A0049E7E9 /* practiceMethodClassUITests.xctest */ = {isa = PBXFileReference; explicitFileType = wrapper.cfbundle; includeInIndex = 0; path = practiceMethodClassUITests.xctest; sourceTree = BUILT_PRODUCTS_DIR; };
		18413E7220B57F5A0049E7E9 /* practiceMethodProperty0528UITests.m */ = {isa = PBXFileReference; lastKnownFileType = sourcecode.c.objc; path = practiceMethodProperty0528UITests.m; sourceTree = "<group>"; };
		18413E7420B57F5A0049E7E9 /* Info.plist */ = {isa = PBXFileReference; lastKnownFileType = text.plist.xml; path = Info.plist; sourceTree = "<group>"; };
		18D53C5520B8249900A8CCE6 /* image */ = {isa = PBXFileReference; lastKnownFileType = folder; name = image; path = practiceMethodClass/image; sourceTree = "<group>"; };
/* End PBXFileReference section */

/* Begin PBXFrameworksBuildPhase section */
		18413E4820B57F550049E7E9 /* Frameworks */ = {
			isa = PBXFrameworksBuildPhase;
			buildActionMask = 2147483647;
			files = (
			);
			runOnlyForDeploymentPostprocessing = 0;
		};
		18413E6020B57F590049E7E9 /* Frameworks */ = {
			isa = PBXFrameworksBuildPhase;
			buildActionMask = 2147483647;
			files = (
			);
			runOnlyForDeploymentPostprocessing = 0;
		};
		18413E6B20B57F5A0049E7E9 /* Frameworks */ = {
			isa = PBXFrameworksBuildPhase;
			buildActionMask = 2147483647;
			files = (
			);
			runOnlyForDeploymentPostprocessing = 0;
		};
/* End PBXFrameworksBuildPhase section */

/* Begin PBXGroup section */
		18413E4220B57F550049E7E9 = {
			isa = PBXGroup;
			children = (
				18D53C5520B8249900A8CCE6 /* image */,
				18413E4D20B57F550049E7E9 /* practiceMethodClass */,
				18413E6620B57F590049E7E9 /* practiceMethodClassTests */,
				18413E7120B57F5A0049E7E9 /* practiceMethodClassUITests */,
				18413E4C20B57F550049E7E9 /* Products */,
			);
			sourceTree = "<group>";
		};
		18413E4C20B57F550049E7E9 /* Products */ = {
			isa = PBXGroup;
			children = (
				18413E4B20B57F550049E7E9 /* practiceMethodClass.app */,
				18413E6320B57F590049E7E9 /* practiceMethodClassTests.xctest */,
				18413E6E20B57F5A0049E7E9 /* practiceMethodClassUITests.xctest */,
			);
			name = Products;
			sourceTree = "<group>";
		};
		18413E4D20B57F550049E7E9 /* practiceMethodClass */ = {
			isa = PBXGroup;
			children = (
				18413E4E20B57F550049E7E9 /* AppDelegate.h */,
				18413E4F20B57F550049E7E9 /* AppDelegate.m */,
				18413E5720B57F590049E7E9 /* Assets.xcassets */,
				18413E5920B57F590049E7E9 /* LaunchScreen.storyboard */,
				18413E5C20B57F590049E7E9 /* Info.plist */,
				183F66E420B5A0D800CE5C0F /* ViewController.h */,
				183F66E520B5A0D800CE5C0F /* ViewController.m */,
				183F66E620B5A0D800CE5C0F /* ViewController.xib */,
				18413E5D20B57F590049E7E9 /* main.m */,
			);
			path = practiceMethodClass;
			sourceTree = "<group>";
		};
		18413E6620B57F590049E7E9 /* practiceMethodClassTests */ = {
			isa = PBXGroup;
			children = (
				18413E6720B57F5A0049E7E9 /* practiceMethodProperty0528Tests.m */,
				18413E6920B57F5A0049E7E9 /* Info.plist */,
			);
			path = practiceMethodClassTests;
			sourceTree = "<group>";
		};
		18413E7120B57F5A0049E7E9 /* practiceMethodClassUITests */ = {
			isa = PBXGroup;
			children = (
				18413E7220B57F5A0049E7E9 /* practiceMethodProperty0528UITests.m */,
				18413E7420B57F5A0049E7E9 /* Info.plist */,
			);
			path = practiceMethodClassUITests;
			sourceTree = "<group>";
		};
/* End PBXGroup section */

/* Begin PBXNativeTarget section */
		18413E4A20B57F550049E7E9 /* practiceMethodClass */ = {
			isa = PBXNativeTarget;
			buildConfigurationList = 18413E7720B57F5A0049E7E9 /* Build configuration list for PBXNativeTarget "practiceMethodClass" */;
			buildPhases = (
				18413E4720B57F550049E7E9 /* Sources */,
				18413E4820B57F550049E7E9 /* Frameworks */,
				18413E4920B57F550049E7E9 /* Resources */,
			);
			buildRules = (
			);
			dependencies = (
			);
			name = practiceMethodClass;
			productName = practiceMethodProperty0528;
			productReference = 18413E4B20B57F550049E7E9 /* practiceMethodClass.app */;
			productType = "com.apple.product-type.application";
		};
		18413E6220B57F590049E7E9 /* practiceMethodClassTests */ = {
			isa = PBXNativeTarget;
			buildConfigurationList = 18413E7A20B57F5A0049E7E9 /* Build configuration list for PBXNativeTarget "practiceMethodClassTests" */;
			buildPhases = (
				18413E5F20B57F590049E7E9 /* Sources */,
				18413E6020B57F590049E7E9 /* Frameworks */,
				18413E6120B57F590049E7E9 /* Resources */,
			);
			buildRules = (
			);
			dependencies = (
				18413E6520B57F590049E7E9 /* PBXTargetDependency */,
			);
			name = practiceMethodClassTests;
			productName = practiceMethodProperty0528Tests;
			productReference = 18413E6320B57F590049E7E9 /* practiceMethodClassTests.xctest */;
			productType = "com.apple.product-type.bundle.unit-test";
		};
		18413E6D20B57F5A0049E7E9 /* practiceMethodClassUITests */ = {
			isa = PBXNativeTarget;
			buildConfigurationList = 18413E7D20B57F5A0049E7E9 /* Build configuration list for PBXNativeTarget "practiceMethodClassUITests" */;
			buildPhases = (
				18413E6A20B57F5A0049E7E9 /* Sources */,
				18413E6B20B57F5A0049E7E9 /* Frameworks */,
				18413E6C20B57F5A0049E7E9 /* Resources */,
			);
			buildRules = (
			);
			dependencies = (
				18413E7020B57F5A0049E7E9 /* PBXTargetDependency */,
			);
			name = practiceMethodClassUITests;
			productName = practiceMethodProperty0528UITests;
			productReference = 18413E6E20B57F5A0049E7E9 /* practiceMethodClassUITests.xctest */;
			productType = "com.apple.product-type.bundle.ui-testing";
		};
/* End PBXNativeTarget section */

/* Begin PBXProject section */
		18413E4320B57F550049E7E9 /* Project object */ = {
			isa = PBXProject;
			attributes = {
				LastUpgradeCheck = 0930;
				ORGANIZATIONNAME = com.nainai0722;
				TargetAttributes = {
					18413E4A20B57F550049E7E9 = {
						CreatedOnToolsVersion = 9.3;
					};
					18413E6220B57F590049E7E9 = {
						CreatedOnToolsVersion = 9.3;
						TestTargetID = 18413E4A20B57F550049E7E9;
					};
					18413E6D20B57F5A0049E7E9 = {
						CreatedOnToolsVersion = 9.3;
						TestTargetID = 18413E4A20B57F550049E7E9;
					};
				};
			};
			buildConfigurationList = 18413E4620B57F550049E7E9 /* Build configuration list for PBXProject "practiceMethodClass" */;
			compatibilityVersion = "Xcode 9.3";
			developmentRegion = en;
			hasScannedForEncodings = 0;
			knownRegions = (
				en,
				Base,
			);
			mainGroup = 18413E4220B57F550049E7E9;
			productRefGroup = 18413E4C20B57F550049E7E9 /* Products */;
			projectDirPath = "";
			projectRoot = "";
			targets = (
				18413E4A20B57F550049E7E9 /* practiceMethodClass */,
				18413E6220B57F590049E7E9 /* practiceMethodClassTests */,
				18413E6D20B57F5A0049E7E9 /* practiceMethodClassUITests */,
			);
		};
/* End PBXProject section */

/* Begin PBXResourcesBuildPhase section */
		18413E4920B57F550049E7E9 /* Resources */ = {
			isa = PBXResourcesBuildPhase;
			buildActionMask = 2147483647;
			files = (
				18D53C5620B8249900A8CCE6 /* image in Resources */,
				18413E5B20B57F590049E7E9 /* LaunchScreen.storyboard in Resources */,
				183F66EA20B5A0D800CE5C0F /* ViewController.xib in Resources */,
				18413E5820B57F590049E7E9 /* Assets.xcassets in Resources */,
			);
			runOnlyForDeploymentPostprocessing = 0;
		};
		18413E6120B57F590049E7E9 /* Resources */ = {
			isa = PBXResourcesBuildPhase;
			buildActionMask = 2147483647;
			files = (
				18D53C5720B8249900A8CCE6 /* image in Resources */,
				183F66EB20B5A0D800CE5C0F /* ViewController.xib in Resources */,
			);
			runOnlyForDeploymentPostprocessing = 0;
		};
		18413E6C20B57F5A0049E7E9 /* Resources */ = {
			isa = PBXResourcesBuildPhase;
			buildActionMask = 2147483647;
			files = (
				18D53C5820B8249900A8CCE6 /* image in Resources */,
				183F66EC20B5A0D800CE5C0F /* ViewController.xib in Resources */,
			);
			runOnlyForDeploymentPostprocessing = 0;
		};
/* End PBXResourcesBuildPhase section */

/* Begin PBXSourcesBuildPhase section */
		18413E4720B57F550049E7E9 /* Sources */ = {
			isa = PBXSourcesBuildPhase;
			buildActionMask = 2147483647;
			files = (
				183F66E720B5A0D800CE5C0F /* ViewController.m in Sources */,
				18413E5E20B57F590049E7E9 /* main.m in Sources */,
				18413E5020B57F550049E7E9 /* AppDelegate.m in Sources */,
			);
			runOnlyForDeploymentPostprocessing = 0;
		};
		18413E5F20B57F590049E7E9 /* Sources */ = {
			isa = PBXSourcesBuildPhase;
			buildActionMask = 2147483647;
			files = (
				183F66E820B5A0D800CE5C0F /* ViewController.m in Sources */,
				18413E6820B57F5A0049E7E9 /* practiceMethodProperty0528Tests.m in Sources */,
			);
			runOnlyForDeploymentPostprocessing = 0;
		};
		18413E6A20B57F5A0049E7E9 /* Sources */ = {
			isa = PBXSourcesBuildPhase;
			buildActionMask = 2147483647;
			files = (
				183F66E920B5A0D800CE5C0F /* ViewController.m in Sources */,
				18413E7320B57F5A0049E7E9 /* practiceMethodProperty0528UITests.m in Sources */,
			);
			runOnlyForDeploymentPostprocessing = 0;
		};
/* End PBXSourcesBuildPhase section */

/* Begin PBXTargetDependency section */
		18413E6520B57F590049E7E9 /* PBXTargetDependency */ = {
			isa = PBXTargetDependency;
			target = 18413E4A20B57F550049E7E9 /* practiceMethodClass */;
			targetProxy = 18413E6420B57F590049E7E9 /* PBXContainerItemProxy */;
		};
		18413E7020B57F5A0049E7E9 /* PBXTargetDependency */ = {
			isa = PBXTargetDependency;
			target = 18413E4A20B57F550049E7E9 /* practiceMethodClass */;
			targetProxy = 18413E6F20B57F5A0049E7E9 /* PBXContainerItemProxy */;
		};
/* End PBXTargetDependency section */

/* Begin PBXVariantGroup section */
		18413E5920B57F590049E7E9 /* LaunchScreen.storyboard */ = {
			isa = PBXVariantGroup;
			children = (
				18413E5A20B57F590049E7E9 /* Base */,
			);
			name = LaunchScreen.storyboard;
			sourceTree = "<group>";
		};
/* End PBXVariantGroup section */

/* Begin XCBuildConfiguration section */
		18413E7520B57F5A0049E7E9 /* Debug */ = {
			isa = XCBuildConfiguration;
			buildSettings = {
				ALWAYS_SEARCH_USER_PATHS = NO;
				CLANG_ANALYZER_NONNULL = YES;
				CLANG_ANALYZER_NUMBER_OBJECT_CONVERSION = YES_AGGRESSIVE;
				CLANG_CXX_LANGUAGE_STANDARD = "gnu++14";
				CLANG_CXX_LIBRARY = "libc++";
				CLANG_ENABLE_MODULES = YES;
				CLANG_ENABLE_OBJC_ARC = YES;
				CLANG_ENABLE_OBJC_WEAK = YES;
				CLANG_WARN_BLOCK_CAPTURE_AUTORELEASING = YES;
				CLANG_WARN_BOOL_CONVERSION = YES;
				CLANG_WARN_COMMA = YES;
				CLANG_WARN_CONSTANT_CONVERSION = YES;
				CLANG_WARN_DEPRECATED_OBJC_IMPLEMENTATIONS = YES;
				CLANG_WARN_DIRECT_OBJC_ISA_USAGE = YES_ERROR;
				CLANG_WARN_DOCUMENTATION_COMMENTS = YES;
				CLANG_WARN_EMPTY_BODY = YES;
				CLANG_WARN_ENUM_CONVERSION = YES;
				CLANG_WARN_INFINITE_RECURSION = YES;
				CLANG_WARN_INT_CONVERSION = YES;
				CLANG_WARN_NON_LITERAL_NULL_CONVERSION = YES;
				CLANG_WARN_OBJC_IMPLICIT_RETAIN_SELF = YES;
				CLANG_WARN_OBJC_LITERAL_CONVERSION = YES;
				CLANG_WARN_OBJC_ROOT_CLASS = YES_ERROR;
				CLANG_WARN_RANGE_LOOP_ANALYSIS = YES;
				CLANG_WARN_STRICT_PROTOTYPES = YES;
				CLANG_WARN_SUSPICIOUS_MOVE = YES;
				CLANG_WARN_UNGUARDED_AVAILABILITY = YES_AGGRESSIVE;
				CLANG_WARN_UNREACHABLE_CODE = YES;
				CLANG_WARN__DUPLICATE_METHOD_MATCH = YES;
				CODE_SIGN_IDENTITY = "iPhone Developer";
				COPY_PHASE_STRIP = NO;
				DEBUG_INFORMATION_FORMAT = dwarf;
				ENABLE_STRICT_OBJC_MSGSEND = YES;
				ENABLE_TESTABILITY = YES;
				GCC_C_LANGUAGE_STANDARD = gnu11;
				GCC_DYNAMIC_NO_PIC = NO;
				GCC_NO_COMMON_BLOCKS = YES;
				GCC_OPTIMIZATION_LEVEL = 0;
				GCC_PREPROCESSOR_DEFINITIONS = (
					"DEBUG=1",
					"$(inherited)",
				);
				GCC_WARN_64_TO_32_BIT_CONVERSION = YES;
				GCC_WARN_ABOUT_RETURN_TYPE = YES_ERROR;
				GCC_WARN_UNDECLARED_SELECTOR = YES;
				GCC_WARN_UNINITIALIZED_AUTOS = YES_AGGRESSIVE;
				GCC_WARN_UNUSED_FUNCTION = YES;
				GCC_WARN_UNUSED_VARIABLE = YES;
				IPHONEOS_DEPLOYMENT_TARGET = 11.3;
				MTL_ENABLE_DEBUG_INFO = YES;
				ONLY_ACTIVE_ARCH = YES;
				SDKROOT = iphoneos;
			};
			name = Debug;
		};
		18413E7620B57F5A0049E7E9 /* Release */ = {
			isa = XCBuildConfiguration;
			buildSettings = {
				ALWAYS_SEARCH_USER_PATHS = NO;
				CLANG_ANALYZER_NONNULL = YES;
				CLANG_ANALYZER_NUMBER_OBJECT_CONVERSION = YES_AGGRESSIVE;
				CLANG_CXX_LANGUAGE_STANDARD = "gnu++14";
				CLANG_CXX_LIBRARY = "libc++";
				CLANG_ENABLE_MODULES = YES;
				CLANG_ENABLE_OBJC_ARC = YES;
				CLANG_ENABLE_OBJC_WEAK = YES;
				CLANG_WARN_BLOCK_CAPTURE_AUTORELEASING = YES;
				CLANG_WARN_BOOL_CONVERSION = YES;
				CLANG_WARN_COMMA = YES;
				CLANG_WARN_CONSTANT_CONVERSION = YES;
				CLANG_WARN_DEPRECATED_OBJC_IMPLEMENTATIONS = YES;
				CLANG_WARN_DIRECT_OBJC_ISA_USAGE = YES_ERROR;
				CLANG_WARN_DOCUMENTATION_COMMENTS = YES;
				CLANG_WARN_EMPTY_BODY = YES;
				CLANG_WARN_ENUM_CONVERSION = YES;
				CLANG_WARN_INFINITE_RECURSION = YES;
				CLANG_WARN_INT_CONVERSION = YES;
				CLANG_WARN_NON_LITERAL_NULL_CONVERSION = YES;
				CLANG_WARN_OBJC_IMPLICIT_RETAIN_SELF = YES;
				CLANG_WARN_OBJC_LITERAL_CONVERSION = YES;
				CLANG_WARN_OBJC_ROOT_CLASS = YES_ERROR;
				CLANG_WARN_RANGE_LOOP_ANALYSIS = YES;
				CLANG_WARN_STRICT_PROTOTYPES = YES;
				CLANG_WARN_SUSPICIOUS_MOVE = YES;
				CLANG_WARN_UNGUARDED_AVAILABILITY = YES_AGGRESSIVE;
				CLANG_WARN_UNREACHABLE_CODE = YES;
				CLANG_WARN__DUPLICATE_METHOD_MATCH = YES;
				CODE_SIGN_IDENTITY = "iPhone Developer";
				COPY_PHASE_STRIP = NO;
				DEBUG_INFORMATION_FORMAT = "dwarf-with-dsym";
				ENABLE_NS_ASSERTIONS = NO;
				ENABLE_STRICT_OBJC_MSGSEND = YES;
				GCC_C_LANGUAGE_STANDARD = gnu11;
				GCC_NO_COMMON_BLOCKS = YES;
				GCC_WARN_64_TO_32_BIT_CONVERSION = YES;
				GCC_WARN_ABOUT_RETURN_TYPE = YES_ERROR;
				GCC_WARN_UNDECLARED_SELECTOR = YES;
				GCC_WARN_UNINITIALIZED_AUTOS = YES_AGGRESSIVE;
				GCC_WARN_UNUSED_FUNCTION = YES;
				GCC_WARN_UNUSED_VARIABLE = YES;
				IPHONEOS_DEPLOYMENT_TARGET = 11.3;
				MTL_ENABLE_DEBUG_INFO = NO;
				SDKROOT = iphoneos;
				VALIDATE_PRODUCT = YES;
			};
			name = Release;
		};
		18413E7820B57F5A0049E7E9 /* Debug */ = {
			isa = XCBuildConfiguration;
			buildSettings = {
				ASSETCATALOG_COMPILER_APPICON_NAME = AppIcon;
				CODE_SIGN_STYLE = Automatic;
				DEVELOPMENT_TEAM = N9CSDJQMXG;
				INFOPLIST_FILE = practiceMethodProperty0528/Info.plist;
				LD_RUNPATH_SEARCH_PATHS = (
					"$(inherited)",
					"@executable_path/Frameworks",
				);
				PRODUCT_BUNDLE_IDENTIFIER = Nainai0722.practiceMethodProperty0528;
				PRODUCT_NAME = "$(TARGET_NAME)";
				TARGETED_DEVICE_FAMILY = "1,2";
			};
			name = Debug;
		};
		18413E7920B57F5A0049E7E9 /* Release */ = {
			isa = XCBuildConfiguration;
			buildSettings = {
				ASSETCATALOG_COMPILER_APPICON_NAME = AppIcon;
				CODE_SIGN_STYLE = Automatic;
				DEVELOPMENT_TEAM = N9CSDJQMXG;
				INFOPLIST_FILE = practiceMethodProperty0528/Info.plist;
				LD_RUNPATH_SEARCH_PATHS = (
					"$(inherited)",
					"@executable_path/Frameworks",
				);
				PRODUCT_BUNDLE_IDENTIFIER = Nainai0722.practiceMethodProperty0528;
				PRODUCT_NAME = "$(TARGET_NAME)";
				TARGETED_DEVICE_FAMILY = "1,2";
			};
			name = Release;
		};
		18413E7B20B57F5A0049E7E9 /* Debug */ = {
			isa = XCBuildConfiguration;
			buildSettings = {
				BUNDLE_LOADER = "$(TEST_HOST)";
				CODE_SIGN_STYLE = Automatic;
				DEVELOPMENT_TEAM = N9CSDJQMXG;
				INFOPLIST_FILE = practiceMethodProperty0528Tests/Info.plist;
				LD_RUNPATH_SEARCH_PATHS = (
					"$(inherited)",
					"@executable_path/Frameworks",
					"@loader_path/Frameworks",
				);
				PRODUCT_BUNDLE_IDENTIFIER = Nainai0722.practiceMethodProperty0528Tests;
				PRODUCT_NAME = "$(TARGET_NAME)";
				TARGETED_DEVICE_FAMILY = "1,2";
				TEST_HOST = "$(BUILT_PRODUCTS_DIR)/practiceMethodClass.app/practiceMethodClass";
			};
			name = Debug;
		};
		18413E7C20B57F5A0049E7E9 /* Release */ = {
			isa = XCBuildConfiguration;
			buildSettings = {
				BUNDLE_LOADER = "$(TEST_HOST)";
				CODE_SIGN_STYLE = Automatic;
				DEVELOPMENT_TEAM = N9CSDJQMXG;
				INFOPLIST_FILE = practiceMethodProperty0528Tests/Info.plist;
				LD_RUNPATH_SEARCH_PATHS = (
					"$(inherited)",
					"@executable_path/Frameworks",
					"@loader_path/Frameworks",
				);
				PRODUCT_BUNDLE_IDENTIFIER = Nainai0722.practiceMethodProperty0528Tests;
				PRODUCT_NAME = "$(TARGET_NAME)";
				TARGETED_DEVICE_FAMILY = "1,2";
				TEST_HOST = "$(BUILT_PRODUCTS_DIR)/practiceMethodClass.app/practiceMethodClass";
			};
			name = Release;
		};
		18413E7E20B57F5A0049E7E9 /* Debug */ = {
			isa = XCBuildConfiguration;
			buildSettings = {
				CODE_SIGN_STYLE = Automatic;
				DEVELOPMENT_TEAM = N9CSDJQMXG;
				INFOPLIST_FILE = practiceMethodProperty0528UITests/Info.plist;
				LD_RUNPATH_SEARCH_PATHS = (
					"$(inherited)",
					"@executable_path/Frameworks",
					"@loader_path/Frameworks",
				);
				PRODUCT_BUNDLE_IDENTIFIER = Nainai0722.practiceMethodProperty0528UITests;
				PRODUCT_NAME = "$(TARGET_NAME)";
				TARGETED_DEVICE_FAMILY = "1,2";
				TEST_TARGET_NAME = practiceMethodProperty0528;
			};
			name = Debug;
		};
		18413E7F20B57F5A0049E7E9 /* Release */ = {
			isa = XCBuildConfiguration;
			buildSettings = {
				CODE_SIGN_STYLE = Automatic;
				DEVELOPMENT_TEAM = N9CSDJQMXG;
				INFOPLIST_FILE = practiceMethodProperty0528UITests/Info.plist;
				LD_RUNPATH_SEARCH_PATHS = (
					"$(inherited)",
					"@executable_path/Frameworks",
					"@loader_path/Frameworks",
				);
				PRODUCT_BUNDLE_IDENTIFIER = Nainai0722.practiceMethodProperty0528UITests;
				PRODUCT_NAME = "$(TARGET_NAME)";
				TARGETED_DEVICE_FAMILY = "1,2";
				TEST_TARGET_NAME = practiceMethodProperty0528;
			};
			name = Release;
		};
/* End XCBuildConfiguration section */

/* Begin XCConfigurationList section */
		18413E4620B57F550049E7E9 /* Build configuration list for PBXProject "practiceMethodClass" */ = {
			isa = XCConfigurationList;
			buildConfigurations = (
				18413E7520B57F5A0049E7E9 /* Debug */,
				18413E7620B57F5A0049E7E9 /* Release */,
			);
			defaultConfigurationIsVisible = 0;
			defaultConfigurationName = Release;
		};
		18413E7720B57F5A0049E7E9 /* Build configuration list for PBXNativeTarget "practiceMethodClass" */ = {
			isa = XCConfigurationList;
			buildConfigurations = (
				18413E7820B57F5A0049E7E9 /* Debug */,
				18413E7920B57F5A0049E7E9 /* Release */,
			);
			defaultConfigurationIsVisible = 0;
			defaultConfigurationName = Release;
		};
		18413E7A20B57F5A0049E7E9 /* Build configuration list for PBXNativeTarget "practiceMethodClassTests" */ = {
			isa = XCConfigurationList;
			buildConfigurations = (
				18413E7B20B57F5A0049E7E9 /* Debug */,
				18413E7C20B57F5A0049E7E9 /* Release */,
			);
			defaultConfigurationIsVisible = 0;
			defaultConfigurationName = Release;
		};
		18413E7D20B57F5A0049E7E9 /* Build configuration list for PBXNativeTarget "practiceMethodClassUITests" */ = {
			isa = XCConfigurationList;
			buildConfigurations = (
				18413E7E20B57F5A0049E7E9 /* Debug */,
				18413E7F20B57F5A0049E7E9 /* Release */,
			);
			defaultConfigurationIsVisible = 0;
			defaultConfigurationName = Release;
		};
/* End XCConfigurationList section */
	};
	rootObject = 18413E4320B57F550049E7E9 /* Project object */;
}
